// !$*UTF8*$!
{
	archiveVersion = 1;
	classes = {
	};
	objectVersion = 56;
	objects = {

/* Begin PBXBuildFile section */
		ED4A997D2A1ACACE001B6D8D /* TouchableView.swift in Sources */ = {isa = PBXBuildFile; fileRef = ED4A997C2A1ACACE001B6D8D /* TouchableView.swift */; };
		ED4A99802A1C0E8D001B6D8D /* CustomConfigureViewModel.swift in Sources */ = {isa = PBXBuildFile; fileRef = ED4A997F2A1C0E8D001B6D8D /* CustomConfigureViewModel.swift */; };
		ED4A99832A1C0F84001B6D8D /* SizeCalculator.swift in Sources */ = {isa = PBXBuildFile; fileRef = ED4A99822A1C0F84001B6D8D /* SizeCalculator.swift */; };
		ED4A99882A1C1DD9001B6D8D /* Extension + Button.swift in Sources */ = {isa = PBXBuildFile; fileRef = ED4A99872A1C1DD9001B6D8D /* Extension + Button.swift */; };
		ED4AB19D2A179D83006EB32E /* Extension + View.swift in Sources */ = {isa = PBXBuildFile; fileRef = ED4AB19C2A179D82006EB32E /* Extension + View.swift */; };
		ED4AB19F2A17FAEA006EB32E /* CustomConfigureView.swift in Sources */ = {isa = PBXBuildFile; fileRef = ED4AB19E2A17FAEA006EB32E /* CustomConfigureView.swift */; };
		EDD4A8872A16C8C20052C2AD /* TwoZoneViewApp.swift in Sources */ = {isa = PBXBuildFile; fileRef = EDD4A8862A16C8C20052C2AD /* TwoZoneViewApp.swift */; };
		EDD4A8892A16C8C20052C2AD /* TwoZoneView.swift in Sources */ = {isa = PBXBuildFile; fileRef = EDD4A8882A16C8C20052C2AD /* TwoZoneView.swift */; };
		EDD4A88B2A16C8C40052C2AD /* Assets.xcassets in Resources */ = {isa = PBXBuildFile; fileRef = EDD4A88A2A16C8C40052C2AD /* Assets.xcassets */; };
		EDD4A88E2A16C8C40052C2AD /* Preview Assets.xcassets in Resources */ = {isa = PBXBuildFile; fileRef = EDD4A88D2A16C8C40052C2AD /* Preview Assets.xcassets */; };
		EDD4A8952A16F5590052C2AD /* TwoZoneViewModel.swift in Sources */ = {isa = PBXBuildFile; fileRef = EDD4A8942A16F5590052C2AD /* TwoZoneViewModel.swift */; };
/* End PBXBuildFile section */

/* Begin PBXFileReference section */
		ED4A997C2A1ACACE001B6D8D /* TouchableView.swift */ = {isa = PBXFileReference; lastKnownFileType = sourcecode.swift; path = TouchableView.swift; sourceTree = "<group>"; };
		ED4A997F2A1C0E8D001B6D8D /* CustomConfigureViewModel.swift */ = {isa = PBXFileReference; lastKnownFileType = sourcecode.swift; path = CustomConfigureViewModel.swift; sourceTree = "<group>"; };
		ED4A99822A1C0F84001B6D8D /* SizeCalculator.swift */ = {isa = PBXFileReference; lastKnownFileType = sourcecode.swift; path = SizeCalculator.swift; sourceTree = "<group>"; };
		ED4A99872A1C1DD9001B6D8D /* Extension + Button.swift */ = {isa = PBXFileReference; lastKnownFileType = sourcecode.swift; path = "Extension + Button.swift"; sourceTree = "<group>"; };
		ED4AB19C2A179D82006EB32E /* Extension + View.swift */ = {isa = PBXFileReference; lastKnownFileType = sourcecode.swift; path = "Extension + View.swift"; sourceTree = "<group>"; };
		ED4AB19E2A17FAEA006EB32E /* CustomConfigureView.swift */ = {isa = PBXFileReference; lastKnownFileType = sourcecode.swift; path = CustomConfigureView.swift; sourceTree = "<group>"; };
		EDD4A8832A16C8C20052C2AD /* TwoZoneView.app */ = {isa = PBXFileReference; explicitFileType = wrapper.application; includeInIndex = 0; path = TwoZoneView.app; sourceTree = BUILT_PRODUCTS_DIR; };
		EDD4A8862A16C8C20052C2AD /* TwoZoneViewApp.swift */ = {isa = PBXFileReference; lastKnownFileType = sourcecode.swift; path = TwoZoneViewApp.swift; sourceTree = "<group>"; };
		EDD4A8882A16C8C20052C2AD /* TwoZoneView.swift */ = {isa = PBXFileReference; lastKnownFileType = sourcecode.swift; path = TwoZoneView.swift; sourceTree = "<group>"; };
		EDD4A88A2A16C8C40052C2AD /* Assets.xcassets */ = {isa = PBXFileReference; lastKnownFileType = folder.assetcatalog; path = Assets.xcassets; sourceTree = "<group>"; };
		EDD4A88D2A16C8C40052C2AD /* Preview Assets.xcassets */ = {isa = PBXFileReference; lastKnownFileType = folder.assetcatalog; path = "Preview Assets.xcassets"; sourceTree = "<group>"; };
		EDD4A8942A16F5590052C2AD /* TwoZoneViewModel.swift */ = {isa = PBXFileReference; lastKnownFileType = sourcecode.swift; path = TwoZoneViewModel.swift; sourceTree = "<group>"; };
/* End PBXFileReference section */

/* Begin PBXFrameworksBuildPhase section */
		EDD4A8802A16C8C20052C2AD /* Frameworks */ = {
			isa = PBXFrameworksBuildPhase;
			buildActionMask = 2147483647;
			files = (
			);
			runOnlyForDeploymentPostprocessing = 0;
		};
/* End PBXFrameworksBuildPhase section */

/* Begin PBXGroup section */
		ED4A997E2A1C0E58001B6D8D /* ViewModels */ = {
			isa = PBXGroup;
			children = (
				EDD4A8942A16F5590052C2AD /* TwoZoneViewModel.swift */,
				ED4A997F2A1C0E8D001B6D8D /* CustomConfigureViewModel.swift */,
			);
			path = ViewModels;
			sourceTree = "<group>";
		};
		ED4A99812A1C0F0B001B6D8D /* View */ = {
			isa = PBXGroup;
			children = (
				EDD4A8882A16C8C20052C2AD /* TwoZoneView.swift */,
				ED4AB19E2A17FAEA006EB32E /* CustomConfigureView.swift */,
				ED4A997C2A1ACACE001B6D8D /* TouchableView.swift */,
			);
			path = View;
			sourceTree = "<group>";
		};
		ED4A99842A1C0FB7001B6D8D /* Application */ = {
			isa = PBXGroup;
			children = (
				EDD4A8862A16C8C20052C2AD /* TwoZoneViewApp.swift */,
			);
			path = Application;
			sourceTree = "<group>";
		};
		ED4A99852A1C0FE0001B6D8D /* Extension */ = {
			isa = PBXGroup;
			children = (
				ED4AB19C2A179D82006EB32E /* Extension + View.swift */,
				ED4A99872A1C1DD9001B6D8D /* Extension + Button.swift */,
			);
			path = Extension;
			sourceTree = "<group>";
		};
		ED4A99862A1C0FE8001B6D8D /* Helpers */ = {
			isa = PBXGroup;
			children = (
				ED4A99822A1C0F84001B6D8D /* SizeCalculator.swift */,
			);
			path = Helpers;
			sourceTree = "<group>";
		};
		EDD4A87A2A16C8C20052C2AD = {
			isa = PBXGroup;
			children = (
				EDD4A8852A16C8C20052C2AD /* TwoZoneView */,
				EDD4A8842A16C8C20052C2AD /* Products */,
			);
			sourceTree = "<group>";
		};
		EDD4A8842A16C8C20052C2AD /* Products */ = {
			isa = PBXGroup;
			children = (
				EDD4A8832A16C8C20052C2AD /* TwoZoneView.app */,
			);
			name = Products;
			sourceTree = "<group>";
		};
		EDD4A8852A16C8C20052C2AD /* TwoZoneView */ = {
			isa = PBXGroup;
			children = (
				ED4A99812A1C0F0B001B6D8D /* View */,
				ED4A997E2A1C0E58001B6D8D /* ViewModels */,
				ED4A99862A1C0FE8001B6D8D /* Helpers */,
				ED4A99852A1C0FE0001B6D8D /* Extension */,
				ED4A99842A1C0FB7001B6D8D /* Application */,
				EDD4A88C2A16C8C40052C2AD /* Preview Content */,
				EDD4A88A2A16C8C40052C2AD /* Assets.xcassets */,
			);
			path = TwoZoneView;
			sourceTree = "<group>";
		};
		EDD4A88C2A16C8C40052C2AD /* Preview Content */ = {
			isa = PBXGroup;
			children = (
				EDD4A88D2A16C8C40052C2AD /* Preview Assets.xcassets */,
			);
			path = "Preview Content";
			sourceTree = "<group>";
		};
/* End PBXGroup section */

/* Begin PBXNativeTarget section */
		EDD4A8822A16C8C20052C2AD /* TwoZoneView */ = {
			isa = PBXNativeTarget;
			buildConfigurationList = EDD4A8912A16C8C40052C2AD /* Build configuration list for PBXNativeTarget "TwoZoneView" */;
			buildPhases = (
				EDD4A87F2A16C8C20052C2AD /* Sources */,
				EDD4A8802A16C8C20052C2AD /* Frameworks */,
				EDD4A8812A16C8C20052C2AD /* Resources */,
			);
			buildRules = (
			);
			dependencies = (
			);
			name = TwoZoneView;
			productName = TwoZoneView;
			productReference = EDD4A8832A16C8C20052C2AD /* TwoZoneView.app */;
			productType = "com.apple.product-type.application";
		};
/* End PBXNativeTarget section */

/* Begin PBXProject section */
		EDD4A87B2A16C8C20052C2AD /* Project object */ = {
			isa = PBXProject;
			attributes = {
				BuildIndependentTargetsInParallel = 1;
				LastSwiftUpdateCheck = 1420;
				LastUpgradeCheck = 1420;
				TargetAttributes = {
					EDD4A8822A16C8C20052C2AD = {
						CreatedOnToolsVersion = 14.2;
					};
				};
			};
			buildConfigurationList = EDD4A87E2A16C8C20052C2AD /* Build configuration list for PBXProject "TwoZoneView" */;
			compatibilityVersion = "Xcode 14.0";
			developmentRegion = en;
			hasScannedForEncodings = 0;
			knownRegions = (
				en,
				Base,
			);
			mainGroup = EDD4A87A2A16C8C20052C2AD;
			productRefGroup = EDD4A8842A16C8C20052C2AD /* Products */;
			projectDirPath = "";
			projectRoot = "";
			targets = (
				EDD4A8822A16C8C20052C2AD /* TwoZoneView */,
			);
		};
/* End PBXProject section */

/* Begin PBXResourcesBuildPhase section */
		EDD4A8812A16C8C20052C2AD /* Resources */ = {
			isa = PBXResourcesBuildPhase;
			buildActionMask = 2147483647;
			files = (
				EDD4A88E2A16C8C40052C2AD /* Preview Assets.xcassets in Resources */,
				EDD4A88B2A16C8C40052C2AD /* Assets.xcassets in Resources */,
			);
			runOnlyForDeploymentPostprocessing = 0;
		};
/* End PBXResourcesBuildPhase section */

/* Begin PBXSourcesBuildPhase section */
		EDD4A87F2A16C8C20052C2AD /* Sources */ = {
			isa = PBXSourcesBuildPhase;
			buildActionMask = 2147483647;
			files = (
				ED4A997D2A1ACACE001B6D8D /* TouchableView.swift in Sources */,
				ED4AB19D2A179D83006EB32E /* Extension + View.swift in Sources */,
				ED4A99882A1C1DD9001B6D8D /* Extension + Button.swift in Sources */,
				EDD4A8892A16C8C20052C2AD /* TwoZoneView.swift in Sources */,
				EDD4A8952A16F5590052C2AD /* TwoZoneViewModel.swift in Sources */,
				ED4A99832A1C0F84001B6D8D /* SizeCalculator.swift in Sources */,
				EDD4A8872A16C8C20052C2AD /* TwoZoneViewApp.swift in Sources */,
				ED4A99802A1C0E8D001B6D8D /* CustomConfigureViewModel.swift in Sources */,
				ED4AB19F2A17FAEA006EB32E /* CustomConfigureView.swift in Sources */,
			);
			runOnlyForDeploymentPostprocessing = 0;
		};
/* End PBXSourcesBuildPhase section */

/* Begin XCBuildConfiguration section */
		EDD4A88F2A16C8C40052C2AD /* Debug */ = {
			isa = XCBuildConfiguration;
			buildSettings = {
				ALWAYS_SEARCH_USER_PATHS = NO;
				CLANG_ANALYZER_NONNULL = YES;
				CLANG_ANALYZER_NUMBER_OBJECT_CONVERSION = YES_AGGRESSIVE;
				CLANG_CXX_LANGUAGE_STANDARD = "gnu++20";
				CLANG_ENABLE_MODULES = YES;
				CLANG_ENABLE_OBJC_ARC = YES;
				CLANG_ENABLE_OBJC_WEAK = YES;
				CLANG_WARN_BLOCK_CAPTURE_AUTORELEASING = YES;
				CLANG_WARN_BOOL_CONVERSION = YES;
				CLANG_WARN_COMMA = YES;
				CLANG_WARN_CONSTANT_CONVERSION = YES;
				CLANG_WARN_DEPRECATED_OBJC_IMPLEMENTATIONS = YES;
				CLANG_WARN_DIRECT_OBJC_ISA_USAGE = YES_ERROR;
				CLANG_WARN_DOCUMENTATION_COMMENTS = YES;
				CLANG_WARN_EMPTY_BODY = YES;
				CLANG_WARN_ENUM_CONVERSION = YES;
				CLANG_WARN_INFINITE_RECURSION = YES;
				CLANG_WARN_INT_CONVERSION = YES;
				CLANG_WARN_NON_LITERAL_NULL_CONVERSION = YES;
				CLANG_WARN_OBJC_IMPLICIT_RETAIN_SELF = YES;
				CLANG_WARN_OBJC_LITERAL_CONVERSION = YES;
				CLANG_WARN_OBJC_ROOT_CLASS = YES_ERROR;
				CLANG_WARN_QUOTED_INCLUDE_IN_FRAMEWORK_HEADER = YES;
				CLANG_WARN_RANGE_LOOP_ANALYSIS = YES;
				CLANG_WARN_STRICT_PROTOTYPES = YES;
				CLANG_WARN_SUSPICIOUS_MOVE = YES;
				CLANG_WARN_UNGUARDED_AVAILABILITY = YES_AGGRESSIVE;
				CLANG_WARN_UNREACHABLE_CODE = YES;
				CLANG_WARN__DUPLICATE_METHOD_MATCH = YES;
				COPY_PHASE_STRIP = NO;
				DEBUG_INFORMATION_FORMAT = dwarf;
				ENABLE_STRICT_OBJC_MSGSEND = YES;
				ENABLE_TESTABILITY = YES;
				GCC_C_LANGUAGE_STANDARD = gnu11;
				GCC_DYNAMIC_NO_PIC = NO;
				GCC_NO_COMMON_BLOCKS = YES;
				GCC_OPTIMIZATION_LEVEL = 0;
				GCC_PREPROCESSOR_DEFINITIONS = (
					"DEBUG=1",
					"$(inherited)",
				);
				GCC_WARN_64_TO_32_BIT_CONVERSION = YES;
				GCC_WARN_ABOUT_RETURN_TYPE = YES_ERROR;
				GCC_WARN_UNDECLARED_SELECTOR = YES;
				GCC_WARN_UNINITIALIZED_AUTOS = YES_AGGRESSIVE;
				GCC_WARN_UNUSED_FUNCTION = YES;
				GCC_WARN_UNUSED_VARIABLE = YES;
				IPHONEOS_DEPLOYMENT_TARGET = 16.2;
				MTL_ENABLE_DEBUG_INFO = INCLUDE_SOURCE;
				MTL_FAST_MATH = YES;
				ONLY_ACTIVE_ARCH = YES;
				SDKROOT = iphoneos;
				SWIFT_ACTIVE_COMPILATION_CONDITIONS = DEBUG;
				SWIFT_OPTIMIZATION_LEVEL = "-Onone";
			};
			name = Debug;
		};
		EDD4A8902A16C8C40052C2AD /* Release */ = {
			isa = XCBuildConfiguration;
			buildSettings = {
				ALWAYS_SEARCH_USER_PATHS = NO;
				CLANG_ANALYZER_NONNULL = YES;
				CLANG_ANALYZER_NUMBER_OBJECT_CONVERSION = YES_AGGRESSIVE;
				CLANG_CXX_LANGUAGE_STANDARD = "gnu++20";
				CLANG_ENABLE_MODULES = YES;
				CLANG_ENABLE_OBJC_ARC = YES;
				CLANG_ENABLE_OBJC_WEAK = YES;
				CLANG_WARN_BLOCK_CAPTURE_AUTORELEASING = YES;
				CLANG_WARN_BOOL_CONVERSION = YES;
				CLANG_WARN_COMMA = YES;
				CLANG_WARN_CONSTANT_CONVERSION = YES;
				CLANG_WARN_DEPRECATED_OBJC_IMPLEMENTATIONS = YES;
				CLANG_WARN_DIRECT_OBJC_ISA_USAGE = YES_ERROR;
				CLANG_WARN_DOCUMENTATION_COMMENTS = YES;
				CLANG_WARN_EMPTY_BODY = YES;
				CLANG_WARN_ENUM_CONVERSION = YES;
				CLANG_WARN_INFINITE_RECURSION = YES;
				CLANG_WARN_INT_CONVERSION = YES;
				CLANG_WARN_NON_LITERAL_NULL_CONVERSION = YES;
				CLANG_WARN_OBJC_IMPLICIT_RETAIN_SELF = YES;
				CLANG_WARN_OBJC_LITERAL_CONVERSION = YES;
				CLANG_WARN_OBJC_ROOT_CLASS = YES_ERROR;
				CLANG_WARN_QUOTED_INCLUDE_IN_FRAMEWORK_HEADER = YES;
				CLANG_WARN_RANGE_LOOP_ANALYSIS = YES;
				CLANG_WARN_STRICT_PROTOTYPES = YES;
				CLANG_WARN_SUSPICIOUS_MOVE = YES;
				CLANG_WARN_UNGUARDED_AVAILABILITY = YES_AGGRESSIVE;
				CLANG_WARN_UNREACHABLE_CODE = YES;
				CLANG_WARN__DUPLICATE_METHOD_MATCH = YES;
				COPY_PHASE_STRIP = NO;
				DEBUG_INFORMATION_FORMAT = "dwarf-with-dsym";
				ENABLE_NS_ASSERTIONS = NO;
				ENABLE_STRICT_OBJC_MSGSEND = YES;
				GCC_C_LANGUAGE_STANDARD = gnu11;
				GCC_NO_COMMON_BLOCKS = YES;
				GCC_WARN_64_TO_32_BIT_CONVERSION = YES;
				GCC_WARN_ABOUT_RETURN_TYPE = YES_ERROR;
				GCC_WARN_UNDECLARED_SELECTOR = YES;
				GCC_WARN_UNINITIALIZED_AUTOS = YES_AGGRESSIVE;
				GCC_WARN_UNUSED_FUNCTION = YES;
				GCC_WARN_UNUSED_VARIABLE = YES;
				IPHONEOS_DEPLOYMENT_TARGET = 16.2;
				MTL_ENABLE_DEBUG_INFO = NO;
				MTL_FAST_MATH = YES;
				SDKROOT = iphoneos;
				SWIFT_COMPILATION_MODE = wholemodule;
				SWIFT_OPTIMIZATION_LEVEL = "-O";
				VALIDATE_PRODUCT = YES;
			};
			name = Release;
		};
		EDD4A8922A16C8C40052C2AD /* Debug */ = {
			isa = XCBuildConfiguration;
			buildSettings = {
				ASSETCATALOG_COMPILER_APPICON_NAME = AppIcon;
				ASSETCATALOG_COMPILER_GLOBAL_ACCENT_COLOR_NAME = AccentColor;
				CODE_SIGN_STYLE = Automatic;
				CURRENT_PROJECT_VERSION = 1;
				DEVELOPMENT_ASSET_PATHS = "\"TwoZoneView/Preview Content\"";
				DEVELOPMENT_TEAM = HDPNMRTNJ6;
				ENABLE_PREVIEWS = YES;
				GENERATE_INFOPLIST_FILE = YES;
				INFOPLIST_KEY_UIApplicationSceneManifest_Generation = YES;
				INFOPLIST_KEY_UIApplicationSupportsIndirectInputEvents = YES;
				INFOPLIST_KEY_UILaunchScreen_Generation = YES;
				INFOPLIST_KEY_UISupportedInterfaceOrientations_iPad = "UIInterfaceOrientationPortrait UIInterfaceOrientationPortraitUpsideDown UIInterfaceOrientationLandscapeLeft UIInterfaceOrientationLandscapeRight";
				INFOPLIST_KEY_UISupportedInterfaceOrientations_iPhone = "UIInterfaceOrientationPortrait UIInterfaceOrientationLandscapeLeft UIInterfaceOrientationLandscapeRight";
				LD_RUNPATH_SEARCH_PATHS = (
					"$(inherited)",
					"@executable_path/Frameworks",
				);
				MARKETING_VERSION = 1.0;
				PRODUCT_BUNDLE_IDENTIFIER = comArtemBilyi.TwoZoneView;
				PRODUCT_NAME = "$(TARGET_NAME)";
				SWIFT_EMIT_LOC_STRINGS = YES;
				SWIFT_VERSION = 5.0;
				TARGETED_DEVICE_FAMILY = "1,2";
			};
			name = Debug;
		};
		EDD4A8932A16C8C40052C2AD /* Release */ = {
			isa = XCBuildConfiguration;
			buildSettings = {
				ASSETCATALOG_COMPILER_APPICON_NAME = AppIcon;
				ASSETCATALOG_COMPILER_GLOBAL_ACCENT_COLOR_NAME = AccentColor;
				CODE_SIGN_STYLE = Automatic;
				CURRENT_PROJECT_VERSION = 1;
				DEVELOPMENT_ASSET_PATHS = "\"TwoZoneView/Preview Content\"";
				DEVELOPMENT_TEAM = HDPNMRTNJ6;
				ENABLE_PREVIEWS = YES;
				GENERATE_INFOPLIST_FILE = YES;
				INFOPLIST_KEY_UIApplicationSceneManifest_Generation = YES;
				INFOPLIST_KEY_UIApplicationSupportsIndirectInputEvents = YES;
				INFOPLIST_KEY_UILaunchScreen_Generation = YES;
				INFOPLIST_KEY_UISupportedInterfaceOrientations_iPad = "UIInterfaceOrientationPortrait UIInterfaceOrientationPortraitUpsideDown UIInterfaceOrientationLandscapeLeft UIInterfaceOrientationLandscapeRight";
				INFOPLIST_KEY_UISupportedInterfaceOrientations_iPhone = "UIInterfaceOrientationPortrait UIInterfaceOrientationLandscapeLeft UIInterfaceOrientationLandscapeRight";
				LD_RUNPATH_SEARCH_PATHS = (
					"$(inherited)",
					"@executable_path/Frameworks",
				);
				MARKETING_VERSION = 1.0;
				PRODUCT_BUNDLE_IDENTIFIER = comArtemBilyi.TwoZoneView;
				PRODUCT_NAME = "$(TARGET_NAME)";
				SWIFT_EMIT_LOC_STRINGS = YES;
				SWIFT_VERSION = 5.0;
				TARGETED_DEVICE_FAMILY = "1,2";
			};
			name = Release;
		};
/* End XCBuildConfiguration section */

/* Begin XCConfigurationList section */
		EDD4A87E2A16C8C20052C2AD /* Build configuration list for PBXProject "TwoZoneView" */ = {
			isa = XCConfigurationList;
			buildConfigurations = (
				EDD4A88F2A16C8C40052C2AD /* Debug */,
				EDD4A8902A16C8C40052C2AD /* Release */,
			);
			defaultConfigurationIsVisible = 0;
			defaultConfigurationName = Release;
		};
		EDD4A8912A16C8C40052C2AD /* Build configuration list for PBXNativeTarget "TwoZoneView" */ = {
			isa = XCConfigurationList;
			buildConfigurations = (
				EDD4A8922A16C8C40052C2AD /* Debug */,
				EDD4A8932A16C8C40052C2AD /* Release */,
			);
			defaultConfigurationIsVisible = 0;
			defaultConfigurationName = Release;
		};
/* End XCConfigurationList section */
	};
	rootObject = EDD4A87B2A16C8C20052C2AD /* Project object */;
}
